// !$*UTF8*$!
{
	archiveVersion = 1;
	classes = {
	};
	objectVersion = 56;
	objects = {

/* Begin PBXBuildFile section */
		6E05CE0929C158CFC8F09DED /* GRMustacheRenderingEngine_private.h in Headers */ = {isa = PBXBuildFile; fileRef = 6E779AEAB50ADB4B4F307766 /* GRMustacheRenderingEngine_private.h */; };
		6E0DFA4677497B5851D7FF56 /* GRMustacheExpressionParser.m in Sources */ = {isa = PBXBuildFile; fileRef = 6E9A707C8C74533026A00CC2 /* GRMustacheExpressionParser.m */; };
		6E102BA2EC39E7B18D3DA427 /* GRMustacheEachFilter.m in Sources */ = {isa = PBXBuildFile; fileRef = 6E02CA5296B9B2F2132D281D /* GRMustacheEachFilter.m */; };
		6E137C3B16B335DC535E890F /* GRMustacheStandardLibrary_private.h in Headers */ = {isa = PBXBuildFile; fileRef = 6EBABD48BAB2265B0CF8A2EA /* GRMustacheStandardLibrary_private.h */; };
		6E15C7BA2ED931CC33C9E766 /* GRMustacheExpressionParser_private.h in Headers */ = {isa = PBXBuildFile; fileRef = 6EA714FE949B736709196D82 /* GRMustacheExpressionParser_private.h */; };
		6E1682BFE0EE54B448027F73 /* GRMustacheFilter.h in Headers */ = {isa = PBXBuildFile; fileRef = 6E7279DC5EAB7C2322B6187D /* GRMustacheFilter.h */; settings = {ATTRIBUTES = (Public, ); }; };
		6E180DAC2142928564934080 /* GRMustacheLocalizer.m in Sources */ = {isa = PBXBuildFile; fileRef = 6E72482685CD801321C6587D /* GRMustacheLocalizer.m */; };
		6E1C783281D510820B3CB0CF /* NSFormatter+GRMustache.h in Headers */ = {isa = PBXBuildFile; fileRef = 6EA93C8E6BEA0D5DBDDF63CD /* NSFormatter+GRMustache.h */; };
		6E2040CBF5D8A867AAEFFCEF /* GRMustacheAvailabilityMacros.h in Headers */ = {isa = PBXBuildFile; fileRef = 6EB5EEED993FC89C267EFE95 /* GRMustacheAvailabilityMacros.h */; settings = {ATTRIBUTES = (Public, ); }; };
		6E217704527C93B4C144AA66 /* GRMustache_private.h in Headers */ = {isa = PBXBuildFile; fileRef = 6ED63FF5BD401D8D27AAB401 /* GRMustache_private.h */; };
		6E22FE8F8FC8D7C73BC9D5A1 /* GRMustacheTemplateGenerator_private.h in Headers */ = {isa = PBXBuildFile; fileRef = 6E464ADB2C657E1EB70E5473 /* GRMustacheTemplateGenerator_private.h */; };
		6E2A851FEA8CAF4C6FB6FACC /* GRMustache.h in Headers */ = {isa = PBXBuildFile; fileRef = 6E227EDA664B3680A7588581 /* GRMustache.h */; settings = {ATTRIBUTES = (Public, ); }; };
		6E2AF47A8888F8A0EF8CFDF0 /* GRMustacheTranslateCharacters_private.h in Headers */ = {isa = PBXBuildFile; fileRef = 6ED2417539A07147DFCDF61E /* GRMustacheTranslateCharacters_private.h */; };
		6E2ED49BA9AE2C8269BFF023 /* GRMustacheError.m in Sources */ = {isa = PBXBuildFile; fileRef = 6ECD050ED55CC2B16688063C /* GRMustacheError.m */; };
		6E329B11A6786EF731A73630 /* GRMustacheRendering_private.h in Headers */ = {isa = PBXBuildFile; fileRef = 6E6CB7D574A49142D92401C5 /* GRMustacheRendering_private.h */; };
		6E34CBEB84AE83E00CDE4075 /* GRMustacheTemplateParser.m in Sources */ = {isa = PBXBuildFile; fileRef = 6EA51531A41C789CA0199A09 /* GRMustacheTemplateParser.m */; };
		6E374C07FB30984F53CB9C76 /* GRMustacheAvailabilityMacros_private.h in Headers */ = {isa = PBXBuildFile; fileRef = 6EEB2FB2C21DB4CC3EB06BC9 /* GRMustacheAvailabilityMacros_private.h */; };
		6E3B9F4BE6EA37B0FAF4FBB9 /* GRMustacheExpressionGenerator_private.h in Headers */ = {isa = PBXBuildFile; fileRef = 6E7D3CB57AC4F857BE8A0C21 /* GRMustacheExpressionGenerator_private.h */; };
		6E3D8461A3487C3FA85BD657 /* GRMustacheFilter_private.h in Headers */ = {isa = PBXBuildFile; fileRef = 6E5B0E873828A6BB21D780B8 /* GRMustacheFilter_private.h */; };
		6E3F220880AB912329A50311 /* GRMustacheConfiguration.m in Sources */ = {isa = PBXBuildFile; fileRef = 6E8B869CF0E352F2717AE6C5 /* GRMustacheConfiguration.m */; };
		6E408C3DF2067D18580D8E47 /* GRMustacheExpression.m in Sources */ = {isa = PBXBuildFile; fileRef = 6E8A3026184E6C32D40983EF /* GRMustacheExpression.m */; };
		6E47A0F2E6A48BBE927F1C37 /* GRMustacheContext.m in Sources */ = {isa = PBXBuildFile; fileRef = 6E009A5AA431A42E9AD00FE9 /* GRMustacheContext.m */; };
		6E47C3E639A2B1D4E2A9AE0A /* GRMustacheRenderingEngine.m in Sources */ = {isa = PBXBuildFile; fileRef = 6EAAA4E71608C4B371E62252 /* GRMustacheRenderingEngine.m */; };
		6E49E420CAC184B2EBBB8A88 /* GRMustacheTag_private.h in Headers */ = {isa = PBXBuildFile; fileRef = 6E3D2F9B6D855C2A16003395 /* GRMustacheTag_private.h */; };
		6E4E2538FB5B49172C74A657 /* GRMustacheFilter.m in Sources */ = {isa = PBXBuildFile; fileRef = 6E39F208729A0A41731A85A5 /* GRMustacheFilter.m */; };
		6E51E8B87EAFE22D7BD1B517 /* GRMustacheInheritableSectionNode.m in Sources */ = {isa = PBXBuildFile; fileRef = 6E15E5DE729CACC92834866B /* GRMustacheInheritableSectionNode.m */; };
		6E5306C63F35940E7495C65F /* GRMustacheIdentifierExpression.m in Sources */ = {isa = PBXBuildFile; fileRef = 6E9B298EEAFB43F337D462E2 /* GRMustacheIdentifierExpression.m */; };
		6E5562DEF9F62452741C4D70 /* GRMustacheFilteredExpression.m in Sources */ = {isa = PBXBuildFile; fileRef = 6E76B3357B95797D351C7308 /* GRMustacheFilteredExpression.m */; };
		6E56EFDFAC2093AE351BFB27 /* LICENSE.txt in Resources */ = {isa = PBXBuildFile; fileRef = 6E0A6440AAC8D84315F294E1 /* LICENSE.txt */; };
		6E5801498FAC6200F5D2A8DF /* GRMustacheTemplateRepository_private.h in Headers */ = {isa = PBXBuildFile; fileRef = 6E9B822AAD46403B799F1294 /* GRMustacheTemplateRepository_private.h */; };
		6E5B8DE86E18FEE3EFC0961F /* GRMustachePartialNode_private.h in Headers */ = {isa = PBXBuildFile; fileRef = 6E0EFE8793B7E4AC9A490CFD /* GRMustachePartialNode_private.h */; };
		6E5EA7B511601153C3F9E0FB /* GRMustacheTag.h in Headers */ = {isa = PBXBuildFile; fileRef = 6E80524D785976D021EC0E55 /* GRMustacheTag.h */; settings = {ATTRIBUTES = (Public, ); }; };
		6E5EB4FE3CF54CFCE5AF0B84 /* GRMustacheVariableTag_private.h in Headers */ = {isa = PBXBuildFile; fileRef = 6E2EDCAD572A9C7918E52953 /* GRMustacheVariableTag_private.h */; };
		6E66C40B71CA0E3F458EA0F1 /* GRMustacheJavascriptLibrary_private.h in Headers */ = {isa = PBXBuildFile; fileRef = 6E4A6E4B553C6064106F3AA9 /* GRMustacheJavascriptLibrary_private.h */; };
		6E67DE5F81F7CC6B67EFE5F2 /* GRMustacheInheritedPartialNode.m in Sources */ = {isa = PBXBuildFile; fileRef = 6EDD4ABE854D5A144052FAE6 /* GRMustacheInheritedPartialNode.m */; };
		6E702E3DBFB9E4FB9E11D5B6 /* GRMustacheError.h in Headers */ = {isa = PBXBuildFile; fileRef = 6E5B046D44CEDECE2057CE58 /* GRMustacheError.h */; settings = {ATTRIBUTES = (Public, ); }; };
		6E76F12ACFB068BD43D82FD3 /* GRMustacheFilteredExpression_private.h in Headers */ = {isa = PBXBuildFile; fileRef = 6E068F99F86994C7FED24440 /* GRMustacheFilteredExpression_private.h */; };
		6E77341A4D226B940CA1251B /* GRMustacheTemplateRepository.m in Sources */ = {isa = PBXBuildFile; fileRef = 6E11F644E44A15D3DBC2272E /* GRMustacheTemplateRepository.m */; };
		6E7A76D7A10ECF63282DF344 /* GRMustacheTextNode_private.h in Headers */ = {isa = PBXBuildFile; fileRef = 6EBA902EB311847EA99AF670 /* GRMustacheTextNode_private.h */; };
		6E7AD5E547B28E8E0C0F1017 /* GRMustacheConfiguration_private.h in Headers */ = {isa = PBXBuildFile; fileRef = 6E0914BB0C982CC9D571C486 /* GRMustacheConfiguration_private.h */; };
		6E7D82C8A966EC2E2413BB56 /* GRMustacheImplicitIteratorExpression_private.h in Headers */ = {isa = PBXBuildFile; fileRef = 6E670B504F74BDD31089FC1A /* GRMustacheImplicitIteratorExpression_private.h */; };
		6E8001D0E7C1809074360064 /* GRMustacheTagDelegate.h in Headers */ = {isa = PBXBuildFile; fileRef = 6E6CFE50CA4E4663E3FCAA91 /* GRMustacheTagDelegate.h */; settings = {ATTRIBUTES = (Public, ); }; };
		6E81ACA20B53CFF6E96D3245 /* GRMustacheTemplate.h in Headers */ = {isa = PBXBuildFile; fileRef = 6EEC32AAD86C91DAAF6FDF91 /* GRMustacheTemplate.h */; settings = {ATTRIBUTES = (Public, ); }; };
		6E832458FDAE738A2A837DBD /* GRMustacheSafeKeyAccess.h in Headers */ = {isa = PBXBuildFile; fileRef = 6EF594BEAA1A9EB7295FB8D3 /* GRMustacheSafeKeyAccess.h */; settings = {ATTRIBUTES = (Public, ); }; };
		6E8641D19AD72989DA7086BF /* GRMustacheContext_private.h in Headers */ = {isa = PBXBuildFile; fileRef = 6E4909E439662B37C24B65F2 /* GRMustacheContext_private.h */; };
		6E86C3D8F5D951941F62FC0B /* GRMustacheContext.h in Headers */ = {isa = PBXBuildFile; fileRef = 6E01329B6A0F02490A46B66D /* GRMustacheContext.h */; settings = {ATTRIBUTES = (Public, ); }; };
		6E87CA9E8352B560D83F8975 /* GRMustacheSectionTag_private.h in Headers */ = {isa = PBXBuildFile; fileRef = 6EA7C0CB3F1DA291A31AED7E /* GRMustacheSectionTag_private.h */; };
		6E89516E454C59C42BE6DDEA /* GRMustacheImplicitIteratorExpression.m in Sources */ = {isa = PBXBuildFile; fileRef = 6ECA379E9032FFB0212ABDC8 /* GRMustacheImplicitIteratorExpression.m */; };
		6E8E1CE31DAE39759B30A38C /* GRMustacheExpressionVisitor_private.h in Headers */ = {isa = PBXBuildFile; fileRef = 6E7D7EBB330344A8813A8C4F /* GRMustacheExpressionVisitor_private.h */; };
		6E8F20A387FC2A4A19182D45 /* GRMustacheExpression_private.h in Headers */ = {isa = PBXBuildFile; fileRef = 6E7F8DF62B5627CAD58D27B2 /* GRMustacheExpression_private.h */; };
		6E8F71788FDBAC5ABCEB6A10 /* GRMustacheTemplate_private.h in Headers */ = {isa = PBXBuildFile; fileRef = 6E32570B3FB12D86C5528673 /* GRMustacheTemplate_private.h */; };
		6E9030B8A7D5340264F5AC2D /* GRMustacheKeyAccess.m in Sources */ = {isa = PBXBuildFile; fileRef = 6E539363E8AFD4DA49B1432D /* GRMustacheKeyAccess.m */; };
		6E915C054A853231EE1F1D5A /* GRMustacheScopedExpression_private.h in Headers */ = {isa = PBXBuildFile; fileRef = 6E624B52843D97BB2BF11F08 /* GRMustacheScopedExpression_private.h */; };
		6E92E52F887897097AD6664A /* GRMustacheKeyAccess_private.h in Headers */ = {isa = PBXBuildFile; fileRef = 6EE5EB7FA208241E4D4C55C9 /* GRMustacheKeyAccess_private.h */; };
		6E94D2E80E2BE33808BB8EE7 /* GRMustacheRendering.m in Sources */ = {isa = PBXBuildFile; fileRef = 6E4083E1819DE64B2FB2F8B0 /* GRMustacheRendering.m */; };
		6E94FDC52926E0A54B1ED8D7 /* GRMustacheIdentifierExpression_private.h in Headers */ = {isa = PBXBuildFile; fileRef = 6E8916544F02169556DC438D /* GRMustacheIdentifierExpression_private.h */; };
		6E9DE55B934DB2FE35E36905 /* NSFormatter+GRMustache.m in Sources */ = {isa = PBXBuildFile; fileRef = 6EF53DDBC93E340158D148AB /* NSFormatter+GRMustache.m */; };
		6EA082A2822EC1C632B454CB /* GRMustacheToken.m in Sources */ = {isa = PBXBuildFile; fileRef = 6E615FA847ACA15925E0D098 /* GRMustacheToken.m */; };
		6EA7EF44BAF3B72F0FF84823 /* GRMustacheJavascriptLibrary.m in Sources */ = {isa = PBXBuildFile; fileRef = 6E09A709280B6E9D57A5892C /* GRMustacheJavascriptLibrary.m */; };
		6EAB55FC7B47CDD411169EB8 /* GRMustache.m in Sources */ = {isa = PBXBuildFile; fileRef = 6E304F989F6820BBCDF4E702 /* GRMustache.m */; };
		6EAEBAFA5104DE8976BE9D74 /* GRMustacheScopedExpression.m in Sources */ = {isa = PBXBuildFile; fileRef = 6E72453A13B54FA6C36C2C64 /* GRMustacheScopedExpression.m */; };
		6EB3C88339598EECC42A9593 /* GRMustacheToken_private.h in Headers */ = {isa = PBXBuildFile; fileRef = 6EB26D3EA07A6B097F27B575 /* GRMustacheToken_private.h */; };
		6EB412EAC618A715A7FA3FFF /* GRMustacheExpressionInvocation.m in Sources */ = {isa = PBXBuildFile; fileRef = 6E760731C0AE27E5C628BE42 /* GRMustacheExpressionInvocation.m */; };
		6EB9CC21E197BB63ABEDB3BE /* GRMustacheSectionTag.m in Sources */ = {isa = PBXBuildFile; fileRef = 6E764447EF2F95E65FB03F62 /* GRMustacheSectionTag.m */; };
		6EBB3F781A930F8245F64285 /* GRMustacheExpressionInvocation_private.h in Headers */ = {isa = PBXBuildFile; fileRef = 6E5029E80A8A2A228FB065FE /* GRMustacheExpressionInvocation_private.h */; };
		6EBBC86815ABB79EDA7D05F4 /* GRMustacheVersion.h in Headers */ = {isa = PBXBuildFile; fileRef = 6EFF65C2B44EE2B28574BBB3 /* GRMustacheVersion.h */; settings = {ATTRIBUTES = (Public, ); }; };
		6EBC1ADBFFD338AEE3F547BF /* GRMustacheTemplateAST.m in Sources */ = {isa = PBXBuildFile; fileRef = 6E468F2D714D8F44A382AAC9 /* GRMustacheTemplateAST.m */; };
		6EBFC1809048D10EE879A673 /* GRMustacheTemplateGenerator.m in Sources */ = {isa = PBXBuildFile; fileRef = 6E471A79CFFD10A2FACC547D /* GRMustacheTemplateGenerator.m */; };
		6EC42F152411D613C4A0E6D2 /* GRMustacheURLLibrary.m in Sources */ = {isa = PBXBuildFile; fileRef = 6E92508EAD21A3C0CF92610C /* GRMustacheURLLibrary.m */; };
		6EC46EECD04920712D0A2789 /* GRMustacheStandardLibrary.m in Sources */ = {isa = PBXBuildFile; fileRef = 6E16F71F040C0FFE0015B4FA /* GRMustacheStandardLibrary.m */; };
		6EC6C8D7954144D7D91C0012 /* GRMustacheTextNode.m in Sources */ = {isa = PBXBuildFile; fileRef = 6E58A000C01347A3578924B7 /* GRMustacheTextNode.m */; };
		6EC73D8245D22C0E64832D35 /* GRMustacheContentType.h in Headers */ = {isa = PBXBuildFile; fileRef = 6E61F2F1592486B21EC22771 /* GRMustacheContentType.h */; settings = {ATTRIBUTES = (Public, ); }; };
		6EC9A82AB352B7C6429D6D6A /* GRMustacheTemplateASTNode_private.h in Headers */ = {isa = PBXBuildFile; fileRef = 6E56227B8AB5429A4088D9AB /* GRMustacheTemplateASTNode_private.h */; };
		6ECB79416D01528172E1FB44 /* GRMustacheTemplateASTVisitor_private.h in Headers */ = {isa = PBXBuildFile; fileRef = 6E5A319930F8A0B0A12AD074 /* GRMustacheTemplateASTVisitor_private.h */; };
		6ECB9653E9FBB5360AD31C3E /* GRMustacheBuffer_private.h in Headers */ = {isa = PBXBuildFile; fileRef = 6E4114F8A1416593E8BB7E3A /* GRMustacheBuffer_private.h */; };
		6ECBD1DFFBF23758ADD8361B /* GRMustacheRendering.h in Headers */ = {isa = PBXBuildFile; fileRef = 6EA8E33EBE9146BD99B424DC /* GRMustacheRendering.h */; settings = {ATTRIBUTES = (Public, ); }; };
		6ECEEEF72558BA45820BCEF4 /* GRMustacheTag.m in Sources */ = {isa = PBXBuildFile; fileRef = 6E111D74A629DECCBBDCE0C9 /* GRMustacheTag.m */; };
		6ECF1F35CD8908BEAA8391A1 /* GRMustacheCompiler.m in Sources */ = {isa = PBXBuildFile; fileRef = 6E3DCE5A059AD5C7E117C5BF /* GRMustacheCompiler.m */; };
		6ED1F5CB681F2E829D087751 /* GRMustacheVariableTag.m in Sources */ = {isa = PBXBuildFile; fileRef = 6E1430E8672A75410441FE09 /* GRMustacheVariableTag.m */; };
		6ED2301D3E3228F49083E889 /* GRMustacheInheritableSectionNode_private.h in Headers */ = {isa = PBXBuildFile; fileRef = 6EF42D5C03221C2A2B84643A /* GRMustacheInheritableSectionNode_private.h */; };
		6ED3BEA947250C7EE520BB59 /* NSValueTransformer+GRMustache.m in Sources */ = {isa = PBXBuildFile; fileRef = 6ED22448E8B4C443315F0078 /* NSValueTransformer+GRMustache.m */; };
		6ED73EA64F24A2F2B99FDF4D /* GRMustacheURLLibrary_private.h in Headers */ = {isa = PBXBuildFile; fileRef = 6EBE427BD27292080FD04D25 /* GRMustacheURLLibrary_private.h */; };
		6ED763C07488CF77A07AEDCE /* GRMustacheTranslateCharacters.m in Sources */ = {isa = PBXBuildFile; fileRef = 6E9D073C2292343DC6C6B78F /* GRMustacheTranslateCharacters.m */; };
		6ED869B8785904C002C5FF0E /* GRMustacheHTMLLibrary_private.h in Headers */ = {isa = PBXBuildFile; fileRef = 6EBBD1F56CC3F57C41B9D486 /* GRMustacheHTMLLibrary_private.h */; };
		6ED9B83948ACADB16093094A /* GRMustacheTemplateAST_private.h in Headers */ = {isa = PBXBuildFile; fileRef = 6E32FFAF5062390127E0E291 /* GRMustacheTemplateAST_private.h */; };
		6EDCF7AD95B16F77FDD7209D /* GRMustacheHTMLLibrary.m in Sources */ = {isa = PBXBuildFile; fileRef = 6E4A4CCC0B7935C682C70B07 /* GRMustacheHTMLLibrary.m */; };
		6EE184BD24BE8ECB7D5C5631 /* GRMustacheTemplate.m in Sources */ = {isa = PBXBuildFile; fileRef = 6EE693889C69AA9651FA154B /* GRMustacheTemplate.m */; };
		6EE1B2EC606BBDED3460BDFD /* GRMustacheCompiler_private.h in Headers */ = {isa = PBXBuildFile; fileRef = 6EC235E08A3E03C33A32B904 /* GRMustacheCompiler_private.h */; };
		6EE2208317D44962118B930F /* GRMustacheTemplateRepository.h in Headers */ = {isa = PBXBuildFile; fileRef = 6E9B54D892E3AF5F79D4EEFF /* GRMustacheTemplateRepository.h */; settings = {ATTRIBUTES = (Public, ); }; };
		6EE4458E4409B3613CDFF5A0 /* NSValueTransformer+GRMustache.h in Headers */ = {isa = PBXBuildFile; fileRef = 6EB74CD480E8D798B0CF6D0E /* NSValueTransformer+GRMustache.h */; };
		6EE5F4DA84E36001C181248A /* GRMustachePartialNode.m in Sources */ = {isa = PBXBuildFile; fileRef = 6EF770460F9C43E557B0A5D9 /* GRMustachePartialNode.m */; };
		6EEE29D18F99CD70566C7942 /* GRMustacheEachFilter_private.h in Headers */ = {isa = PBXBuildFile; fileRef = 6E1B712639A23FCD18990DC0 /* GRMustacheEachFilter_private.h */; };
		6EF1F559DC2121DDAB69872F /* GRMustacheInheritedPartialNode_private.h in Headers */ = {isa = PBXBuildFile; fileRef = 6EDF1C70E7A43F4341598CD1 /* GRMustacheInheritedPartialNode_private.h */; };
		6EF9E1C369656442D95828FC /* GRMustacheTemplateParser_private.h in Headers */ = {isa = PBXBuildFile; fileRef = 6E4601429913E8F6159B7BA1 /* GRMustacheTemplateParser_private.h */; };
		6EFAAE768B57F95E15A1C7E8 /* GRMustacheConfiguration.h in Headers */ = {isa = PBXBuildFile; fileRef = 6EEB7703B351FFE1177E1D69 /* GRMustacheConfiguration.h */; settings = {ATTRIBUTES = (Public, ); }; };
		6EFB6C43DA025401744A237F /* GRMustacheLocalizer.h in Headers */ = {isa = PBXBuildFile; fileRef = 6EA96DC543761A4D9FAC5E8E /* GRMustacheLocalizer.h */; settings = {ATTRIBUTES = (Public, ); }; };
		6EFC27D38C9059FE88CBF08C /* GRMustacheExpressionGenerator.m in Sources */ = {isa = PBXBuildFile; fileRef = 6EDBB786A9F72884135491B3 /* GRMustacheExpressionGenerator.m */; };
/* End PBXBuildFile section */

/* Begin PBXFileReference section */
		6E009A5AA431A42E9AD00FE9 /* GRMustacheContext.m */ = {isa = PBXFileReference; fileEncoding = 4; lastKnownFileType = sourcecode.c.objc; path = GRMustacheContext.m; sourceTree = "<group>"; };
		6E01329B6A0F02490A46B66D /* GRMustacheContext.h */ = {isa = PBXFileReference; fileEncoding = 4; lastKnownFileType = sourcecode.c.h; path = GRMustacheContext.h; sourceTree = "<group>"; };
		6E02CA5296B9B2F2132D281D /* GRMustacheEachFilter.m */ = {isa = PBXFileReference; fileEncoding = 4; lastKnownFileType = sourcecode.c.objc; path = GRMustacheEachFilter.m; sourceTree = "<group>"; };
		6E068F99F86994C7FED24440 /* GRMustacheFilteredExpression_private.h */ = {isa = PBXFileReference; fileEncoding = 4; lastKnownFileType = sourcecode.c.h; path = GRMustacheFilteredExpression_private.h; sourceTree = "<group>"; };
		6E0914BB0C982CC9D571C486 /* GRMustacheConfiguration_private.h */ = {isa = PBXFileReference; fileEncoding = 4; lastKnownFileType = sourcecode.c.h; path = GRMustacheConfiguration_private.h; sourceTree = "<group>"; };
		6E09A709280B6E9D57A5892C /* GRMustacheJavascriptLibrary.m */ = {isa = PBXFileReference; fileEncoding = 4; lastKnownFileType = sourcecode.c.objc; path = GRMustacheJavascriptLibrary.m; sourceTree = "<group>"; };
		6E0A6440AAC8D84315F294E1 /* LICENSE.txt */ = {isa = PBXFileReference; fileEncoding = 4; lastKnownFileType = text; path = LICENSE.txt; sourceTree = "<group>"; };
		6E0EFE8793B7E4AC9A490CFD /* GRMustachePartialNode_private.h */ = {isa = PBXFileReference; fileEncoding = 4; lastKnownFileType = sourcecode.c.h; path = GRMustachePartialNode_private.h; sourceTree = "<group>"; };
		6E111D74A629DECCBBDCE0C9 /* GRMustacheTag.m */ = {isa = PBXFileReference; fileEncoding = 4; lastKnownFileType = sourcecode.c.objc; path = GRMustacheTag.m; sourceTree = "<group>"; };
		6E11F644E44A15D3DBC2272E /* GRMustacheTemplateRepository.m */ = {isa = PBXFileReference; fileEncoding = 4; lastKnownFileType = sourcecode.c.objc; path = GRMustacheTemplateRepository.m; sourceTree = "<group>"; };
		6E1430E8672A75410441FE09 /* GRMustacheVariableTag.m */ = {isa = PBXFileReference; fileEncoding = 4; lastKnownFileType = sourcecode.c.objc; path = GRMustacheVariableTag.m; sourceTree = "<group>"; };
		6E15E5DE729CACC92834866B /* GRMustacheInheritableSectionNode.m */ = {isa = PBXFileReference; fileEncoding = 4; lastKnownFileType = sourcecode.c.objc; path = GRMustacheInheritableSectionNode.m; sourceTree = "<group>"; };
		6E16F71F040C0FFE0015B4FA /* GRMustacheStandardLibrary.m */ = {isa = PBXFileReference; fileEncoding = 4; lastKnownFileType = sourcecode.c.objc; path = GRMustacheStandardLibrary.m; sourceTree = "<group>"; };
		6E1B712639A23FCD18990DC0 /* GRMustacheEachFilter_private.h */ = {isa = PBXFileReference; fileEncoding = 4; lastKnownFileType = sourcecode.c.h; path = GRMustacheEachFilter_private.h; sourceTree = "<group>"; };
		6E227EDA664B3680A7588581 /* GRMustache.h */ = {isa = PBXFileReference; fileEncoding = 4; lastKnownFileType = sourcecode.c.h; path = GRMustache.h; sourceTree = "<group>"; };
		6E2EDCAD572A9C7918E52953 /* GRMustacheVariableTag_private.h */ = {isa = PBXFileReference; fileEncoding = 4; lastKnownFileType = sourcecode.c.h; path = GRMustacheVariableTag_private.h; sourceTree = "<group>"; };
		6E304F989F6820BBCDF4E702 /* GRMustache.m */ = {isa = PBXFileReference; fileEncoding = 4; lastKnownFileType = sourcecode.c.objc; path = GRMustache.m; sourceTree = "<group>"; };
		6E32570B3FB12D86C5528673 /* GRMustacheTemplate_private.h */ = {isa = PBXFileReference; fileEncoding = 4; lastKnownFileType = sourcecode.c.h; path = GRMustacheTemplate_private.h; sourceTree = "<group>"; };
		6E32FFAF5062390127E0E291 /* GRMustacheTemplateAST_private.h */ = {isa = PBXFileReference; fileEncoding = 4; lastKnownFileType = sourcecode.c.h; path = GRMustacheTemplateAST_private.h; sourceTree = "<group>"; };
		6E39F208729A0A41731A85A5 /* GRMustacheFilter.m */ = {isa = PBXFileReference; fileEncoding = 4; lastKnownFileType = sourcecode.c.objc; path = GRMustacheFilter.m; sourceTree = "<group>"; };
		6E3D2F9B6D855C2A16003395 /* GRMustacheTag_private.h */ = {isa = PBXFileReference; fileEncoding = 4; lastKnownFileType = sourcecode.c.h; path = GRMustacheTag_private.h; sourceTree = "<group>"; };
		6E3DCE5A059AD5C7E117C5BF /* GRMustacheCompiler.m */ = {isa = PBXFileReference; fileEncoding = 4; lastKnownFileType = sourcecode.c.objc; path = GRMustacheCompiler.m; sourceTree = "<group>"; };
		6E4083E1819DE64B2FB2F8B0 /* GRMustacheRendering.m */ = {isa = PBXFileReference; fileEncoding = 4; lastKnownFileType = sourcecode.c.objc; path = GRMustacheRendering.m; sourceTree = "<group>"; };
		6E4114F8A1416593E8BB7E3A /* GRMustacheBuffer_private.h */ = {isa = PBXFileReference; fileEncoding = 4; lastKnownFileType = sourcecode.c.h; path = GRMustacheBuffer_private.h; sourceTree = "<group>"; };
		6E4601429913E8F6159B7BA1 /* GRMustacheTemplateParser_private.h */ = {isa = PBXFileReference; fileEncoding = 4; lastKnownFileType = sourcecode.c.h; path = GRMustacheTemplateParser_private.h; sourceTree = "<group>"; };
		6E464ADB2C657E1EB70E5473 /* GRMustacheTemplateGenerator_private.h */ = {isa = PBXFileReference; fileEncoding = 4; lastKnownFileType = sourcecode.c.h; path = GRMustacheTemplateGenerator_private.h; sourceTree = "<group>"; };
		6E468F2D714D8F44A382AAC9 /* GRMustacheTemplateAST.m */ = {isa = PBXFileReference; fileEncoding = 4; lastKnownFileType = sourcecode.c.objc; path = GRMustacheTemplateAST.m; sourceTree = "<group>"; };
		6E471A79CFFD10A2FACC547D /* GRMustacheTemplateGenerator.m */ = {isa = PBXFileReference; fileEncoding = 4; lastKnownFileType = sourcecode.c.objc; path = GRMustacheTemplateGenerator.m; sourceTree = "<group>"; };
		6E4909E439662B37C24B65F2 /* GRMustacheContext_private.h */ = {isa = PBXFileReference; fileEncoding = 4; lastKnownFileType = sourcecode.c.h; path = GRMustacheContext_private.h; sourceTree = "<group>"; };
		6E4A4CCC0B7935C682C70B07 /* GRMustacheHTMLLibrary.m */ = {isa = PBXFileReference; fileEncoding = 4; lastKnownFileType = sourcecode.c.objc; path = GRMustacheHTMLLibrary.m; sourceTree = "<group>"; };
		6E4A6E4B553C6064106F3AA9 /* GRMustacheJavascriptLibrary_private.h */ = {isa = PBXFileReference; fileEncoding = 4; lastKnownFileType = sourcecode.c.h; path = GRMustacheJavascriptLibrary_private.h; sourceTree = "<group>"; };
		6E5029E80A8A2A228FB065FE /* GRMustacheExpressionInvocation_private.h */ = {isa = PBXFileReference; fileEncoding = 4; lastKnownFileType = sourcecode.c.h; path = GRMustacheExpressionInvocation_private.h; sourceTree = "<group>"; };
		6E539363E8AFD4DA49B1432D /* GRMustacheKeyAccess.m */ = {isa = PBXFileReference; fileEncoding = 4; lastKnownFileType = sourcecode.c.objc; path = GRMustacheKeyAccess.m; sourceTree = "<group>"; };
		6E56227B8AB5429A4088D9AB /* GRMustacheTemplateASTNode_private.h */ = {isa = PBXFileReference; fileEncoding = 4; lastKnownFileType = sourcecode.c.h; path = GRMustacheTemplateASTNode_private.h; sourceTree = "<group>"; };
		6E58A000C01347A3578924B7 /* GRMustacheTextNode.m */ = {isa = PBXFileReference; fileEncoding = 4; lastKnownFileType = sourcecode.c.objc; path = GRMustacheTextNode.m; sourceTree = "<group>"; };
		6E5A319930F8A0B0A12AD074 /* GRMustacheTemplateASTVisitor_private.h */ = {isa = PBXFileReference; fileEncoding = 4; lastKnownFileType = sourcecode.c.h; path = GRMustacheTemplateASTVisitor_private.h; sourceTree = "<group>"; };
		6E5B046D44CEDECE2057CE58 /* GRMustacheError.h */ = {isa = PBXFileReference; fileEncoding = 4; lastKnownFileType = sourcecode.c.h; path = GRMustacheError.h; sourceTree = "<group>"; };
		6E5B0E873828A6BB21D780B8 /* GRMustacheFilter_private.h */ = {isa = PBXFileReference; fileEncoding = 4; lastKnownFileType = sourcecode.c.h; path = GRMustacheFilter_private.h; sourceTree = "<group>"; };
		6E615FA847ACA15925E0D098 /* GRMustacheToken.m */ = {isa = PBXFileReference; fileEncoding = 4; lastKnownFileType = sourcecode.c.objc; path = GRMustacheToken.m; sourceTree = "<group>"; };
		6E61F2F1592486B21EC22771 /* GRMustacheContentType.h */ = {isa = PBXFileReference; fileEncoding = 4; lastKnownFileType = sourcecode.c.h; path = GRMustacheContentType.h; sourceTree = "<group>"; };
		6E624B52843D97BB2BF11F08 /* GRMustacheScopedExpression_private.h */ = {isa = PBXFileReference; fileEncoding = 4; lastKnownFileType = sourcecode.c.h; path = GRMustacheScopedExpression_private.h; sourceTree = "<group>"; };
		6E670B504F74BDD31089FC1A /* GRMustacheImplicitIteratorExpression_private.h */ = {isa = PBXFileReference; fileEncoding = 4; lastKnownFileType = sourcecode.c.h; path = GRMustacheImplicitIteratorExpression_private.h; sourceTree = "<group>"; };
		6E6CB7D574A49142D92401C5 /* GRMustacheRendering_private.h */ = {isa = PBXFileReference; fileEncoding = 4; lastKnownFileType = sourcecode.c.h; path = GRMustacheRendering_private.h; sourceTree = "<group>"; };
		6E6CFE50CA4E4663E3FCAA91 /* GRMustacheTagDelegate.h */ = {isa = PBXFileReference; fileEncoding = 4; lastKnownFileType = sourcecode.c.h; path = GRMustacheTagDelegate.h; sourceTree = "<group>"; };
		6E72453A13B54FA6C36C2C64 /* GRMustacheScopedExpression.m */ = {isa = PBXFileReference; fileEncoding = 4; lastKnownFileType = sourcecode.c.objc; path = GRMustacheScopedExpression.m; sourceTree = "<group>"; };
		6E72482685CD801321C6587D /* GRMustacheLocalizer.m */ = {isa = PBXFileReference; fileEncoding = 4; lastKnownFileType = sourcecode.c.objc; path = GRMustacheLocalizer.m; sourceTree = "<group>"; };
		6E7279DC5EAB7C2322B6187D /* GRMustacheFilter.h */ = {isa = PBXFileReference; fileEncoding = 4; lastKnownFileType = sourcecode.c.h; path = GRMustacheFilter.h; sourceTree = "<group>"; };
		6E760731C0AE27E5C628BE42 /* GRMustacheExpressionInvocation.m */ = {isa = PBXFileReference; fileEncoding = 4; lastKnownFileType = sourcecode.c.objc; path = GRMustacheExpressionInvocation.m; sourceTree = "<group>"; };
		6E764447EF2F95E65FB03F62 /* GRMustacheSectionTag.m */ = {isa = PBXFileReference; fileEncoding = 4; lastKnownFileType = sourcecode.c.objc; path = GRMustacheSectionTag.m; sourceTree = "<group>"; };
		6E76B3357B95797D351C7308 /* GRMustacheFilteredExpression.m */ = {isa = PBXFileReference; fileEncoding = 4; lastKnownFileType = sourcecode.c.objc; path = GRMustacheFilteredExpression.m; sourceTree = "<group>"; };
		6E779AEAB50ADB4B4F307766 /* GRMustacheRenderingEngine_private.h */ = {isa = PBXFileReference; fileEncoding = 4; lastKnownFileType = sourcecode.c.h; path = GRMustacheRenderingEngine_private.h; sourceTree = "<group>"; };
		6E7D3CB57AC4F857BE8A0C21 /* GRMustacheExpressionGenerator_private.h */ = {isa = PBXFileReference; fileEncoding = 4; lastKnownFileType = sourcecode.c.h; path = GRMustacheExpressionGenerator_private.h; sourceTree = "<group>"; };
		6E7D7EBB330344A8813A8C4F /* GRMustacheExpressionVisitor_private.h */ = {isa = PBXFileReference; fileEncoding = 4; lastKnownFileType = sourcecode.c.h; path = GRMustacheExpressionVisitor_private.h; sourceTree = "<group>"; };
		6E7F8DF62B5627CAD58D27B2 /* GRMustacheExpression_private.h */ = {isa = PBXFileReference; fileEncoding = 4; lastKnownFileType = sourcecode.c.h; path = GRMustacheExpression_private.h; sourceTree = "<group>"; };
		6E80524D785976D021EC0E55 /* GRMustacheTag.h */ = {isa = PBXFileReference; fileEncoding = 4; lastKnownFileType = sourcecode.c.h; path = GRMustacheTag.h; sourceTree = "<group>"; };
		6E8916544F02169556DC438D /* GRMustacheIdentifierExpression_private.h */ = {isa = PBXFileReference; fileEncoding = 4; lastKnownFileType = sourcecode.c.h; path = GRMustacheIdentifierExpression_private.h; sourceTree = "<group>"; };
		6E8A3026184E6C32D40983EF /* GRMustacheExpression.m */ = {isa = PBXFileReference; fileEncoding = 4; lastKnownFileType = sourcecode.c.objc; path = GRMustacheExpression.m; sourceTree = "<group>"; };
		6E8B869CF0E352F2717AE6C5 /* GRMustacheConfiguration.m */ = {isa = PBXFileReference; fileEncoding = 4; lastKnownFileType = sourcecode.c.objc; path = GRMustacheConfiguration.m; sourceTree = "<group>"; };
		6E92508EAD21A3C0CF92610C /* GRMustacheURLLibrary.m */ = {isa = PBXFileReference; fileEncoding = 4; lastKnownFileType = sourcecode.c.objc; path = GRMustacheURLLibrary.m; sourceTree = "<group>"; };
		6E979796D284FD193BF26B4B /* Framework (App Store).xcconfig */ = {isa = PBXFileReference; lastKnownFileType = text.xcconfig; name = "Framework (App Store).xcconfig"; path = "../../Configurations/Build/App Store Release/Framework.xcconfig"; sourceTree = SOURCE_ROOT; };
		6E9A707C8C74533026A00CC2 /* GRMustacheExpressionParser.m */ = {isa = PBXFileReference; fileEncoding = 4; lastKnownFileType = sourcecode.c.objc; path = GRMustacheExpressionParser.m; sourceTree = "<group>"; };
		6E9B298EEAFB43F337D462E2 /* GRMustacheIdentifierExpression.m */ = {isa = PBXFileReference; fileEncoding = 4; lastKnownFileType = sourcecode.c.objc; path = GRMustacheIdentifierExpression.m; sourceTree = "<group>"; };
		6E9B54D892E3AF5F79D4EEFF /* GRMustacheTemplateRepository.h */ = {isa = PBXFileReference; fileEncoding = 4; lastKnownFileType = sourcecode.c.h; path = GRMustacheTemplateRepository.h; sourceTree = "<group>"; };
		6E9B7D7F2172159C860A2AD6 /* Framework (Debug).xcconfig */ = {isa = PBXFileReference; lastKnownFileType = text.xcconfig; name = "Framework (Debug).xcconfig"; path = "../../Configurations/Build/Debug/Framework.xcconfig"; sourceTree = SOURCE_ROOT; };
		6E9B822AAD46403B799F1294 /* GRMustacheTemplateRepository_private.h */ = {isa = PBXFileReference; fileEncoding = 4; lastKnownFileType = sourcecode.c.h; path = GRMustacheTemplateRepository_private.h; sourceTree = "<group>"; };
		6E9D073C2292343DC6C6B78F /* GRMustacheTranslateCharacters.m */ = {isa = PBXFileReference; fileEncoding = 4; lastKnownFileType = sourcecode.c.objc; path = GRMustacheTranslateCharacters.m; sourceTree = "<group>"; };
		6E9E5FB77AE59FE587592F05 /* Framework (Release).xcconfig */ = {isa = PBXFileReference; lastKnownFileType = text.xcconfig; name = "Framework (Release).xcconfig"; path = "../../Configurations/Build/Standard Release/Framework.xcconfig"; sourceTree = SOURCE_ROOT; };
		6EA51531A41C789CA0199A09 /* GRMustacheTemplateParser.m */ = {isa = PBXFileReference; fileEncoding = 4; lastKnownFileType = sourcecode.c.objc; path = GRMustacheTemplateParser.m; sourceTree = "<group>"; };
		6EA714FE949B736709196D82 /* GRMustacheExpressionParser_private.h */ = {isa = PBXFileReference; fileEncoding = 4; lastKnownFileType = sourcecode.c.h; path = GRMustacheExpressionParser_private.h; sourceTree = "<group>"; };
		6EA7C0CB3F1DA291A31AED7E /* GRMustacheSectionTag_private.h */ = {isa = PBXFileReference; fileEncoding = 4; lastKnownFileType = sourcecode.c.h; path = GRMustacheSectionTag_private.h; sourceTree = "<group>"; };
		6EA8E33EBE9146BD99B424DC /* GRMustacheRendering.h */ = {isa = PBXFileReference; fileEncoding = 4; lastKnownFileType = sourcecode.c.h; path = GRMustacheRendering.h; sourceTree = "<group>"; };
		6EA93C8E6BEA0D5DBDDF63CD /* NSFormatter+GRMustache.h */ = {isa = PBXFileReference; fileEncoding = 4; lastKnownFileType = sourcecode.c.h; path = "NSFormatter+GRMustache.h"; sourceTree = "<group>"; };
		6EA96DC543761A4D9FAC5E8E /* GRMustacheLocalizer.h */ = {isa = PBXFileReference; fileEncoding = 4; lastKnownFileType = sourcecode.c.h; path = GRMustacheLocalizer.h; sourceTree = "<group>"; };
		6EAAA4E71608C4B371E62252 /* GRMustacheRenderingEngine.m */ = {isa = PBXFileReference; fileEncoding = 4; lastKnownFileType = sourcecode.c.objc; path = GRMustacheRenderingEngine.m; sourceTree = "<group>"; };
		6EB26D3EA07A6B097F27B575 /* GRMustacheToken_private.h */ = {isa = PBXFileReference; fileEncoding = 4; lastKnownFileType = sourcecode.c.h; path = GRMustacheToken_private.h; sourceTree = "<group>"; };
		6EB5EEED993FC89C267EFE95 /* GRMustacheAvailabilityMacros.h */ = {isa = PBXFileReference; fileEncoding = 4; lastKnownFileType = sourcecode.c.h; path = GRMustacheAvailabilityMacros.h; sourceTree = "<group>"; };
		6EB74CD480E8D798B0CF6D0E /* NSValueTransformer+GRMustache.h */ = {isa = PBXFileReference; fileEncoding = 4; lastKnownFileType = sourcecode.c.h; path = "NSValueTransformer+GRMustache.h"; sourceTree = "<group>"; };
		6EBA902EB311847EA99AF670 /* GRMustacheTextNode_private.h */ = {isa = PBXFileReference; fileEncoding = 4; lastKnownFileType = sourcecode.c.h; path = GRMustacheTextNode_private.h; sourceTree = "<group>"; };
		6EBABD48BAB2265B0CF8A2EA /* GRMustacheStandardLibrary_private.h */ = {isa = PBXFileReference; fileEncoding = 4; lastKnownFileType = sourcecode.c.h; path = GRMustacheStandardLibrary_private.h; sourceTree = "<group>"; };
		6EBBD1F56CC3F57C41B9D486 /* GRMustacheHTMLLibrary_private.h */ = {isa = PBXFileReference; fileEncoding = 4; lastKnownFileType = sourcecode.c.h; path = GRMustacheHTMLLibrary_private.h; sourceTree = "<group>"; };
		6EBE427BD27292080FD04D25 /* GRMustacheURLLibrary_private.h */ = {isa = PBXFileReference; fileEncoding = 4; lastKnownFileType = sourcecode.c.h; path = GRMustacheURLLibrary_private.h; sourceTree = "<group>"; };
		6EC235E08A3E03C33A32B904 /* GRMustacheCompiler_private.h */ = {isa = PBXFileReference; fileEncoding = 4; lastKnownFileType = sourcecode.c.h; path = GRMustacheCompiler_private.h; sourceTree = "<group>"; };
		6EC62834465A9C1848A409C5 /* Info.plist */ = {isa = PBXFileReference; fileEncoding = 4; lastKnownFileType = text.plist.xml; path = Info.plist; sourceTree = "<group>"; };
		6ECA379E9032FFB0212ABDC8 /* GRMustacheImplicitIteratorExpression.m */ = {isa = PBXFileReference; fileEncoding = 4; lastKnownFileType = sourcecode.c.objc; path = GRMustacheImplicitIteratorExpression.m; sourceTree = "<group>"; };
		6ECD050ED55CC2B16688063C /* GRMustacheError.m */ = {isa = PBXFileReference; fileEncoding = 4; lastKnownFileType = sourcecode.c.objc; path = GRMustacheError.m; sourceTree = "<group>"; };
		6ECD09D94B079F97383564D5 /* README.md */ = {isa = PBXFileReference; fileEncoding = 4; lastKnownFileType = net.daringfireball.markdown; path = README.md; sourceTree = "<group>"; };
		6ED22448E8B4C443315F0078 /* NSValueTransformer+GRMustache.m */ = {isa = PBXFileReference; fileEncoding = 4; lastKnownFileType = sourcecode.c.objc; path = "NSValueTransformer+GRMustache.m"; sourceTree = "<group>"; };
		6ED2417539A07147DFCDF61E /* GRMustacheTranslateCharacters_private.h */ = {isa = PBXFileReference; fileEncoding = 4; lastKnownFileType = sourcecode.c.h; path = GRMustacheTranslateCharacters_private.h; sourceTree = "<group>"; };
		6ED63FF5BD401D8D27AAB401 /* GRMustache_private.h */ = {isa = PBXFileReference; fileEncoding = 4; lastKnownFileType = sourcecode.c.h; path = GRMustache_private.h; sourceTree = "<group>"; };
		6EDBB786A9F72884135491B3 /* GRMustacheExpressionGenerator.m */ = {isa = PBXFileReference; fileEncoding = 4; lastKnownFileType = sourcecode.c.objc; path = GRMustacheExpressionGenerator.m; sourceTree = "<group>"; };
		6EDD4ABE854D5A144052FAE6 /* GRMustacheInheritedPartialNode.m */ = {isa = PBXFileReference; fileEncoding = 4; lastKnownFileType = sourcecode.c.objc; path = GRMustacheInheritedPartialNode.m; sourceTree = "<group>"; };
		6EDF1C70E7A43F4341598CD1 /* GRMustacheInheritedPartialNode_private.h */ = {isa = PBXFileReference; fileEncoding = 4; lastKnownFileType = sourcecode.c.h; path = GRMustacheInheritedPartialNode_private.h; sourceTree = "<group>"; };
		6EE5EB7FA208241E4D4C55C9 /* GRMustacheKeyAccess_private.h */ = {isa = PBXFileReference; fileEncoding = 4; lastKnownFileType = sourcecode.c.h; path = GRMustacheKeyAccess_private.h; sourceTree = "<group>"; };
		6EE693889C69AA9651FA154B /* GRMustacheTemplate.m */ = {isa = PBXFileReference; fileEncoding = 4; lastKnownFileType = sourcecode.c.objc; path = GRMustacheTemplate.m; sourceTree = "<group>"; };
		6EEB2FB2C21DB4CC3EB06BC9 /* GRMustacheAvailabilityMacros_private.h */ = {isa = PBXFileReference; fileEncoding = 4; lastKnownFileType = sourcecode.c.h; path = GRMustacheAvailabilityMacros_private.h; sourceTree = "<group>"; };
		6EEB7703B351FFE1177E1D69 /* GRMustacheConfiguration.h */ = {isa = PBXFileReference; fileEncoding = 4; lastKnownFileType = sourcecode.c.h; path = GRMustacheConfiguration.h; sourceTree = "<group>"; };
		6EEC32AAD86C91DAAF6FDF91 /* GRMustacheTemplate.h */ = {isa = PBXFileReference; fileEncoding = 4; lastKnownFileType = sourcecode.c.h; path = GRMustacheTemplate.h; sourceTree = "<group>"; };
		6EF42D5C03221C2A2B84643A /* GRMustacheInheritableSectionNode_private.h */ = {isa = PBXFileReference; fileEncoding = 4; lastKnownFileType = sourcecode.c.h; path = GRMustacheInheritableSectionNode_private.h; sourceTree = "<group>"; };
		6EF53DDBC93E340158D148AB /* NSFormatter+GRMustache.m */ = {isa = PBXFileReference; fileEncoding = 4; lastKnownFileType = sourcecode.c.objc; path = "NSFormatter+GRMustache.m"; sourceTree = "<group>"; };
		6EF594BEAA1A9EB7295FB8D3 /* GRMustacheSafeKeyAccess.h */ = {isa = PBXFileReference; fileEncoding = 4; lastKnownFileType = sourcecode.c.h; path = GRMustacheSafeKeyAccess.h; sourceTree = "<group>"; };
		6EF5BF48AA40CAD7891EB709 /* GRMustache.framework */ = {isa = PBXFileReference; explicitFileType = wrapper.framework; includeInIndex = 0; path = GRMustache.framework; sourceTree = BUILT_PRODUCTS_DIR; };
		6EF770460F9C43E557B0A5D9 /* GRMustachePartialNode.m */ = {isa = PBXFileReference; fileEncoding = 4; lastKnownFileType = sourcecode.c.objc; path = GRMustachePartialNode.m; sourceTree = "<group>"; };
		6EFF65C2B44EE2B28574BBB3 /* GRMustacheVersion.h */ = {isa = PBXFileReference; fileEncoding = 4; lastKnownFileType = sourcecode.c.h; path = GRMustacheVersion.h; sourceTree = "<group>"; };
/* End PBXFileReference section */

/* Begin PBXFrameworksBuildPhase section */
		6EF70355BD83EEA5BEBE8888 /* Frameworks */ = {
			isa = PBXFrameworksBuildPhase;
			buildActionMask = 2147483647;
			files = (
			);
			runOnlyForDeploymentPostprocessing = 0;
		};
/* End PBXFrameworksBuildPhase section */

/* Begin PBXGroup section */
		6E254F45A960FD7BBEFB5A69 /* Services */ = {
			isa = PBXGroup;
			children = (
				6E2B89785A9894F5190DE590 /* StandardLibrary */,
				6EDBB786A9F72884135491B3 /* GRMustacheExpressionGenerator.m */,
				6E7D3CB57AC4F857BE8A0C21 /* GRMustacheExpressionGenerator_private.h */,
				6E471A79CFFD10A2FACC547D /* GRMustacheTemplateGenerator.m */,
				6E464ADB2C657E1EB70E5473 /* GRMustacheTemplateGenerator_private.h */,
				6EA93C8E6BEA0D5DBDDF63CD /* NSFormatter+GRMustache.h */,
				6EF53DDBC93E340158D148AB /* NSFormatter+GRMustache.m */,
				6EB74CD480E8D798B0CF6D0E /* NSValueTransformer+GRMustache.h */,
				6ED22448E8B4C443315F0078 /* NSValueTransformer+GRMustache.m */,
			);
			path = Services;
			sourceTree = "<group>";
		};
		6E2B89785A9894F5190DE590 /* StandardLibrary */ = {
			isa = PBXGroup;
			children = (
				6E02CA5296B9B2F2132D281D /* GRMustacheEachFilter.m */,
				6E1B712639A23FCD18990DC0 /* GRMustacheEachFilter_private.h */,
				6E4A4CCC0B7935C682C70B07 /* GRMustacheHTMLLibrary.m */,
				6EBBD1F56CC3F57C41B9D486 /* GRMustacheHTMLLibrary_private.h */,
				6E09A709280B6E9D57A5892C /* GRMustacheJavascriptLibrary.m */,
				6E4A6E4B553C6064106F3AA9 /* GRMustacheJavascriptLibrary_private.h */,
				6EA96DC543761A4D9FAC5E8E /* GRMustacheLocalizer.h */,
				6E72482685CD801321C6587D /* GRMustacheLocalizer.m */,
				6E16F71F040C0FFE0015B4FA /* GRMustacheStandardLibrary.m */,
				6EBABD48BAB2265B0CF8A2EA /* GRMustacheStandardLibrary_private.h */,
				6E92508EAD21A3C0CF92610C /* GRMustacheURLLibrary.m */,
				6EBE427BD27292080FD04D25 /* GRMustacheURLLibrary_private.h */,
			);
			path = StandardLibrary;
			sourceTree = "<group>";
		};
		6E30F5A79F71562C6C56D2FD /* Templates */ = {
			isa = PBXGroup;
			children = (
				6EEC32AAD86C91DAAF6FDF91 /* GRMustacheTemplate.h */,
				6EE693889C69AA9651FA154B /* GRMustacheTemplate.m */,
				6E32570B3FB12D86C5528673 /* GRMustacheTemplate_private.h */,
				6E9B54D892E3AF5F79D4EEFF /* GRMustacheTemplateRepository.h */,
				6E11F644E44A15D3DBC2272E /* GRMustacheTemplateRepository.m */,
				6E9B822AAD46403B799F1294 /* GRMustacheTemplateRepository_private.h */,
			);
			path = Templates;
			sourceTree = "<group>";
		};
		6E33C04E297178E28998356C /* Expressions */ = {
			isa = PBXGroup;
			children = (
				6E8A3026184E6C32D40983EF /* GRMustacheExpression.m */,
				6E7F8DF62B5627CAD58D27B2 /* GRMustacheExpression_private.h */,
				6E7D7EBB330344A8813A8C4F /* GRMustacheExpressionVisitor_private.h */,
				6E76B3357B95797D351C7308 /* GRMustacheFilteredExpression.m */,
				6E068F99F86994C7FED24440 /* GRMustacheFilteredExpression_private.h */,
				6E9B298EEAFB43F337D462E2 /* GRMustacheIdentifierExpression.m */,
				6E8916544F02169556DC438D /* GRMustacheIdentifierExpression_private.h */,
				6ECA379E9032FFB0212ABDC8 /* GRMustacheImplicitIteratorExpression.m */,
				6E670B504F74BDD31089FC1A /* GRMustacheImplicitIteratorExpression_private.h */,
				6E72453A13B54FA6C36C2C64 /* GRMustacheScopedExpression.m */,
				6E624B52843D97BB2BF11F08 /* GRMustacheScopedExpression_private.h */,
			);
			path = Expressions;
			sourceTree = "<group>";
		};
		6E4BDC69107442BF36EEC3DF /* Configuration */ = {
			isa = PBXGroup;
			children = (
				6EEB7703B351FFE1177E1D69 /* GRMustacheConfiguration.h */,
				6E8B869CF0E352F2717AE6C5 /* GRMustacheConfiguration.m */,
				6E0914BB0C982CC9D571C486 /* GRMustacheConfiguration_private.h */,
			);
			path = Configuration;
			sourceTree = "<group>";
		};
		6E5534043EFC51019B66740B /* Rendering */ = {
			isa = PBXGroup;
			children = (
				6E01329B6A0F02490A46B66D /* GRMustacheContext.h */,
				6E009A5AA431A42E9AD00FE9 /* GRMustacheContext.m */,
				6E4909E439662B37C24B65F2 /* GRMustacheContext_private.h */,
				6E760731C0AE27E5C628BE42 /* GRMustacheExpressionInvocation.m */,
				6E5029E80A8A2A228FB065FE /* GRMustacheExpressionInvocation_private.h */,
				6E7279DC5EAB7C2322B6187D /* GRMustacheFilter.h */,
				6E39F208729A0A41731A85A5 /* GRMustacheFilter.m */,
				6E5B0E873828A6BB21D780B8 /* GRMustacheFilter_private.h */,
				6E539363E8AFD4DA49B1432D /* GRMustacheKeyAccess.m */,
				6EE5EB7FA208241E4D4C55C9 /* GRMustacheKeyAccess_private.h */,
				6EA8E33EBE9146BD99B424DC /* GRMustacheRendering.h */,
				6E4083E1819DE64B2FB2F8B0 /* GRMustacheRendering.m */,
				6E6CB7D574A49142D92401C5 /* GRMustacheRendering_private.h */,
				6EAAA4E71608C4B371E62252 /* GRMustacheRenderingEngine.m */,
				6E779AEAB50ADB4B4F307766 /* GRMustacheRenderingEngine_private.h */,
				6EF594BEAA1A9EB7295FB8D3 /* GRMustacheSafeKeyAccess.h */,
				6E6CFE50CA4E4663E3FCAA91 /* GRMustacheTagDelegate.h */,
			);
			path = Rendering;
			sourceTree = "<group>";
		};
		6E5CF3154FA5BBC8EF2446A9 /* Classes */ = {
			isa = PBXGroup;
			children = (
				6E951C1D621CF945C016F4EB /* Compiling */,
				6E4BDC69107442BF36EEC3DF /* Configuration */,
				6EDD81753724256147AFD5EA /* Parsing */,
				6E5534043EFC51019B66740B /* Rendering */,
				6E254F45A960FD7BBEFB5A69 /* Services */,
				6EC64F91A36BC1DFFBFBF7BC /* Shared */,
				6E30F5A79F71562C6C56D2FD /* Templates */,
				6E227EDA664B3680A7588581 /* GRMustache.h */,
				6E304F989F6820BBCDF4E702 /* GRMustache.m */,
				6ED63FF5BD401D8D27AAB401 /* GRMustache_private.h */,
				6EFF65C2B44EE2B28574BBB3 /* GRMustacheVersion.h */,
			);
			path = Classes;
			sourceTree = "<group>";
		};
		6E8241ED42B56CC1DA7F7265 /* Products */ = {
			isa = PBXGroup;
			children = (
				6EF5BF48AA40CAD7891EB709 /* GRMustache.framework */,
			);
			name = Products;
			sourceTree = "<group>";
		};
		6E900F2EBB25870E4D9EB130 /* Build Configuration */ = {
			isa = PBXGroup;
			children = (
				6E9B7D7F2172159C860A2AD6 /* Framework (Debug).xcconfig */,
				6E9E5FB77AE59FE587592F05 /* Framework (Release).xcconfig */,
				6E979796D284FD193BF26B4B /* Framework (App Store).xcconfig */,
			);
			name = "Build Configuration";
			sourceTree = "<group>";
		};
		6E951C1D621CF945C016F4EB /* Compiling */ = {
			isa = PBXGroup;
			children = (
				6E33C04E297178E28998356C /* Expressions */,
				6EAE5DD28407134F64562BD4 /* TemplateAST */,
				6E3DCE5A059AD5C7E117C5BF /* GRMustacheCompiler.m */,
				6EC235E08A3E03C33A32B904 /* GRMustacheCompiler_private.h */,
			);
			path = Compiling;
			sourceTree = "<group>";
		};
		6EA2772EB5676ED2B6911939 /* GRMustache */ = {
			isa = PBXGroup;
			children = (
				6E900F2EBB25870E4D9EB130 /* Build Configuration */,
				6E5CF3154FA5BBC8EF2446A9 /* Classes */,
				6ED7836E24B5D1D972A77E37 /* Resources */,
				6E0A6440AAC8D84315F294E1 /* LICENSE.txt */,
				6ECD09D94B079F97383564D5 /* README.md */,
				6E8241ED42B56CC1DA7F7265 /* Products */,
			);
			sourceTree = "<group>";
		};
		6EAE5DD28407134F64562BD4 /* TemplateAST */ = {
			isa = PBXGroup;
			children = (
				6E15E5DE729CACC92834866B /* GRMustacheInheritableSectionNode.m */,
				6EF42D5C03221C2A2B84643A /* GRMustacheInheritableSectionNode_private.h */,
				6EDD4ABE854D5A144052FAE6 /* GRMustacheInheritedPartialNode.m */,
				6EDF1C70E7A43F4341598CD1 /* GRMustacheInheritedPartialNode_private.h */,
				6EF770460F9C43E557B0A5D9 /* GRMustachePartialNode.m */,
				6E0EFE8793B7E4AC9A490CFD /* GRMustachePartialNode_private.h */,
				6E764447EF2F95E65FB03F62 /* GRMustacheSectionTag.m */,
				6EA7C0CB3F1DA291A31AED7E /* GRMustacheSectionTag_private.h */,
				6E80524D785976D021EC0E55 /* GRMustacheTag.h */,
				6E111D74A629DECCBBDCE0C9 /* GRMustacheTag.m */,
				6E3D2F9B6D855C2A16003395 /* GRMustacheTag_private.h */,
				6E468F2D714D8F44A382AAC9 /* GRMustacheTemplateAST.m */,
				6E32FFAF5062390127E0E291 /* GRMustacheTemplateAST_private.h */,
				6E56227B8AB5429A4088D9AB /* GRMustacheTemplateASTNode_private.h */,
				6E5A319930F8A0B0A12AD074 /* GRMustacheTemplateASTVisitor_private.h */,
				6E58A000C01347A3578924B7 /* GRMustacheTextNode.m */,
				6EBA902EB311847EA99AF670 /* GRMustacheTextNode_private.h */,
				6E1430E8672A75410441FE09 /* GRMustacheVariableTag.m */,
				6E2EDCAD572A9C7918E52953 /* GRMustacheVariableTag_private.h */,
			);
			path = TemplateAST;
			sourceTree = "<group>";
		};
		6EC64F91A36BC1DFFBFBF7BC /* Shared */ = {
			isa = PBXGroup;
			children = (
				6EB5EEED993FC89C267EFE95 /* GRMustacheAvailabilityMacros.h */,
				6EEB2FB2C21DB4CC3EB06BC9 /* GRMustacheAvailabilityMacros_private.h */,
				6E4114F8A1416593E8BB7E3A /* GRMustacheBuffer_private.h */,
				6E61F2F1592486B21EC22771 /* GRMustacheContentType.h */,
				6E5B046D44CEDECE2057CE58 /* GRMustacheError.h */,
				6ECD050ED55CC2B16688063C /* GRMustacheError.m */,
				6E9D073C2292343DC6C6B78F /* GRMustacheTranslateCharacters.m */,
				6ED2417539A07147DFCDF61E /* GRMustacheTranslateCharacters_private.h */,
			);
			path = Shared;
			sourceTree = "<group>";
		};
		6ED7836E24B5D1D972A77E37 /* Resources */ = {
			isa = PBXGroup;
			children = (
				6EC62834465A9C1848A409C5 /* Info.plist */,
			);
			path = Resources;
			sourceTree = "<group>";
		};
		6EDD81753724256147AFD5EA /* Parsing */ = {
			isa = PBXGroup;
			children = (
				6E9A707C8C74533026A00CC2 /* GRMustacheExpressionParser.m */,
				6EA714FE949B736709196D82 /* GRMustacheExpressionParser_private.h */,
				6EA51531A41C789CA0199A09 /* GRMustacheTemplateParser.m */,
				6E4601429913E8F6159B7BA1 /* GRMustacheTemplateParser_private.h */,
				6E615FA847ACA15925E0D098 /* GRMustacheToken.m */,
				6EB26D3EA07A6B097F27B575 /* GRMustacheToken_private.h */,
			);
			path = Parsing;
			sourceTree = "<group>";
		};
/* End PBXGroup section */

/* Begin PBXHeadersBuildPhase section */
		6E1145A834CF0A9C54FCA884 /* Headers */ = {
			isa = PBXHeadersBuildPhase;
			buildActionMask = 2147483647;
			files = (
				6E8E1CE31DAE39759B30A38C /* GRMustacheExpressionVisitor_private.h in Headers */,
				6E8F20A387FC2A4A19182D45 /* GRMustacheExpression_private.h in Headers */,
				6E76F12ACFB068BD43D82FD3 /* GRMustacheFilteredExpression_private.h in Headers */,
				6E94FDC52926E0A54B1ED8D7 /* GRMustacheIdentifierExpression_private.h in Headers */,
				6E7D82C8A966EC2E2413BB56 /* GRMustacheImplicitIteratorExpression_private.h in Headers */,
				6E915C054A853231EE1F1D5A /* GRMustacheScopedExpression_private.h in Headers */,
				6EE1B2EC606BBDED3460BDFD /* GRMustacheCompiler_private.h in Headers */,
				6ED2301D3E3228F49083E889 /* GRMustacheInheritableSectionNode_private.h in Headers */,
				6EF1F559DC2121DDAB69872F /* GRMustacheInheritedPartialNode_private.h in Headers */,
				6E5B8DE86E18FEE3EFC0961F /* GRMustachePartialNode_private.h in Headers */,
				6E87CA9E8352B560D83F8975 /* GRMustacheSectionTag_private.h in Headers */,
				6E5EA7B511601153C3F9E0FB /* GRMustacheTag.h in Headers */,
				6E49E420CAC184B2EBBB8A88 /* GRMustacheTag_private.h in Headers */,
				6EC9A82AB352B7C6429D6D6A /* GRMustacheTemplateASTNode_private.h in Headers */,
				6ECB79416D01528172E1FB44 /* GRMustacheTemplateASTVisitor_private.h in Headers */,
				6ED9B83948ACADB16093094A /* GRMustacheTemplateAST_private.h in Headers */,
				6E7A76D7A10ECF63282DF344 /* GRMustacheTextNode_private.h in Headers */,
				6E5EB4FE3CF54CFCE5AF0B84 /* GRMustacheVariableTag_private.h in Headers */,
				6EFAAE768B57F95E15A1C7E8 /* GRMustacheConfiguration.h in Headers */,
				6E7AD5E547B28E8E0C0F1017 /* GRMustacheConfiguration_private.h in Headers */,
				6E2A851FEA8CAF4C6FB6FACC /* GRMustache.h in Headers */,
				6EBBC86815ABB79EDA7D05F4 /* GRMustacheVersion.h in Headers */,
				6E217704527C93B4C144AA66 /* GRMustache_private.h in Headers */,
				6E15C7BA2ED931CC33C9E766 /* GRMustacheExpressionParser_private.h in Headers */,
				6EF9E1C369656442D95828FC /* GRMustacheTemplateParser_private.h in Headers */,
				6EB3C88339598EECC42A9593 /* GRMustacheToken_private.h in Headers */,
				6E86C3D8F5D951941F62FC0B /* GRMustacheContext.h in Headers */,
				6E8641D19AD72989DA7086BF /* GRMustacheContext_private.h in Headers */,
				6EBB3F781A930F8245F64285 /* GRMustacheExpressionInvocation_private.h in Headers */,
				6E1682BFE0EE54B448027F73 /* GRMustacheFilter.h in Headers */,
				6E3D8461A3487C3FA85BD657 /* GRMustacheFilter_private.h in Headers */,
				6E92E52F887897097AD6664A /* GRMustacheKeyAccess_private.h in Headers */,
				6ECBD1DFFBF23758ADD8361B /* GRMustacheRendering.h in Headers */,
				6E05CE0929C158CFC8F09DED /* GRMustacheRenderingEngine_private.h in Headers */,
				6E329B11A6786EF731A73630 /* GRMustacheRendering_private.h in Headers */,
				6E832458FDAE738A2A837DBD /* GRMustacheSafeKeyAccess.h in Headers */,
				6E8001D0E7C1809074360064 /* GRMustacheTagDelegate.h in Headers */,
				6E3B9F4BE6EA37B0FAF4FBB9 /* GRMustacheExpressionGenerator_private.h in Headers */,
				6E22FE8F8FC8D7C73BC9D5A1 /* GRMustacheTemplateGenerator_private.h in Headers */,
				6E1C783281D510820B3CB0CF /* NSFormatter+GRMustache.h in Headers */,
				6EE4458E4409B3613CDFF5A0 /* NSValueTransformer+GRMustache.h in Headers */,
				6EEE29D18F99CD70566C7942 /* GRMustacheEachFilter_private.h in Headers */,
				6ED869B8785904C002C5FF0E /* GRMustacheHTMLLibrary_private.h in Headers */,
				6E66C40B71CA0E3F458EA0F1 /* GRMustacheJavascriptLibrary_private.h in Headers */,
				6EFB6C43DA025401744A237F /* GRMustacheLocalizer.h in Headers */,
				6E137C3B16B335DC535E890F /* GRMustacheStandardLibrary_private.h in Headers */,
				6ED73EA64F24A2F2B99FDF4D /* GRMustacheURLLibrary_private.h in Headers */,
				6E2040CBF5D8A867AAEFFCEF /* GRMustacheAvailabilityMacros.h in Headers */,
				6E374C07FB30984F53CB9C76 /* GRMustacheAvailabilityMacros_private.h in Headers */,
				6ECB9653E9FBB5360AD31C3E /* GRMustacheBuffer_private.h in Headers */,
				6EC73D8245D22C0E64832D35 /* GRMustacheContentType.h in Headers */,
				6E702E3DBFB9E4FB9E11D5B6 /* GRMustacheError.h in Headers */,
				6E2AF47A8888F8A0EF8CFDF0 /* GRMustacheTranslateCharacters_private.h in Headers */,
				6E81ACA20B53CFF6E96D3245 /* GRMustacheTemplate.h in Headers */,
				6EE2208317D44962118B930F /* GRMustacheTemplateRepository.h in Headers */,
				6E5801498FAC6200F5D2A8DF /* GRMustacheTemplateRepository_private.h in Headers */,
				6E8F71788FDBAC5ABCEB6A10 /* GRMustacheTemplate_private.h in Headers */,
			);
			runOnlyForDeploymentPostprocessing = 0;
		};
/* End PBXHeadersBuildPhase section */

/* Begin PBXNativeTarget section */
		6E42AEFBAE01D2DFD981F7DA /* GRMustache.framework */ = {
			isa = PBXNativeTarget;
			buildConfigurationList = 6E48DD1EAD1B1CF5687A8DDB /* Build configuration list for PBXNativeTarget "GRMustache.framework" */;
			buildPhases = (
				6E1145A834CF0A9C54FCA884 /* Headers */,
				6E33830DBDD8BFC542FA3436 /* Sources */,
				6EF70355BD83EEA5BEBE8888 /* Frameworks */,
				6EBBEBD8FA0BB0A806DA30E3 /* Resources */,
			);
			buildRules = (
			);
			dependencies = (
			);
			name = GRMustache.framework;
			productName = GRMustache;
			productReference = 6EF5BF48AA40CAD7891EB709 /* GRMustache.framework */;
			productType = "com.apple.product-type.framework";
		};
/* End PBXNativeTarget section */

/* Begin PBXProject section */
		6E46F86FAA6BBF9AC94A7E45 /* Project object */ = {
			isa = PBXProject;
			attributes = {
				BuildIndependentTargetsInParallel = YES;
				LastUpgradeCheck = 1600;
			};
			buildConfigurationList = 6E0E884D7ED7171E780934A2 /* Build configuration list for PBXProject "GRMustache" */;
			compatibilityVersion = "Xcode 14.0";
			developmentRegion = en;
			hasScannedForEncodings = 0;
			knownRegions = (
				en,
				Base,
			);
			mainGroup = 6EA2772EB5676ED2B6911939;
			productRefGroup = 6E8241ED42B56CC1DA7F7265 /* Products */;
			projectDirPath = "";
			projectRoot = "";
			targets = (
				6E42AEFBAE01D2DFD981F7DA /* GRMustache.framework */,
			);
		};
/* End PBXProject section */

/* Begin PBXResourcesBuildPhase section */
		6EBBEBD8FA0BB0A806DA30E3 /* Resources */ = {
			isa = PBXResourcesBuildPhase;
			buildActionMask = 2147483647;
			files = (
				6E56EFDFAC2093AE351BFB27 /* LICENSE.txt in Resources */,
			);
			runOnlyForDeploymentPostprocessing = 0;
		};
/* End PBXResourcesBuildPhase section */

/* Begin PBXSourcesBuildPhase section */
		6E33830DBDD8BFC542FA3436 /* Sources */ = {
			isa = PBXSourcesBuildPhase;
			buildActionMask = 2147483647;
			files = (
				6E408C3DF2067D18580D8E47 /* GRMustacheExpression.m in Sources */,
				6E5562DEF9F62452741C4D70 /* GRMustacheFilteredExpression.m in Sources */,
				6E5306C63F35940E7495C65F /* GRMustacheIdentifierExpression.m in Sources */,
				6E89516E454C59C42BE6DDEA /* GRMustacheImplicitIteratorExpression.m in Sources */,
				6EAEBAFA5104DE8976BE9D74 /* GRMustacheScopedExpression.m in Sources */,
				6ECF1F35CD8908BEAA8391A1 /* GRMustacheCompiler.m in Sources */,
				6E51E8B87EAFE22D7BD1B517 /* GRMustacheInheritableSectionNode.m in Sources */,
				6E67DE5F81F7CC6B67EFE5F2 /* GRMustacheInheritedPartialNode.m in Sources */,
				6EE5F4DA84E36001C181248A /* GRMustachePartialNode.m in Sources */,
				6EB9CC21E197BB63ABEDB3BE /* GRMustacheSectionTag.m in Sources */,
				6ECEEEF72558BA45820BCEF4 /* GRMustacheTag.m in Sources */,
				6EBC1ADBFFD338AEE3F547BF /* GRMustacheTemplateAST.m in Sources */,
				6EC6C8D7954144D7D91C0012 /* GRMustacheTextNode.m in Sources */,
				6ED1F5CB681F2E829D087751 /* GRMustacheVariableTag.m in Sources */,
				6E3F220880AB912329A50311 /* GRMustacheConfiguration.m in Sources */,
				6EAB55FC7B47CDD411169EB8 /* GRMustache.m in Sources */,
				6E0DFA4677497B5851D7FF56 /* GRMustacheExpressionParser.m in Sources */,
				6E34CBEB84AE83E00CDE4075 /* GRMustacheTemplateParser.m in Sources */,
				6EA082A2822EC1C632B454CB /* GRMustacheToken.m in Sources */,
				6E47A0F2E6A48BBE927F1C37 /* GRMustacheContext.m in Sources */,
				6EB412EAC618A715A7FA3FFF /* GRMustacheExpressionInvocation.m in Sources */,
				6E4E2538FB5B49172C74A657 /* GRMustacheFilter.m in Sources */,
				6E9030B8A7D5340264F5AC2D /* GRMustacheKeyAccess.m in Sources */,
				6E94D2E80E2BE33808BB8EE7 /* GRMustacheRendering.m in Sources */,
				6E47C3E639A2B1D4E2A9AE0A /* GRMustacheRenderingEngine.m in Sources */,
				6EFC27D38C9059FE88CBF08C /* GRMustacheExpressionGenerator.m in Sources */,
				6EBFC1809048D10EE879A673 /* GRMustacheTemplateGenerator.m in Sources */,
				6E9DE55B934DB2FE35E36905 /* NSFormatter+GRMustache.m in Sources */,
				6ED3BEA947250C7EE520BB59 /* NSValueTransformer+GRMustache.m in Sources */,
				6E102BA2EC39E7B18D3DA427 /* GRMustacheEachFilter.m in Sources */,
				6EDCF7AD95B16F77FDD7209D /* GRMustacheHTMLLibrary.m in Sources */,
				6EA7EF44BAF3B72F0FF84823 /* GRMustacheJavascriptLibrary.m in Sources */,
				6E180DAC2142928564934080 /* GRMustacheLocalizer.m in Sources */,
				6EC46EECD04920712D0A2789 /* GRMustacheStandardLibrary.m in Sources */,
				6EC42F152411D613C4A0E6D2 /* GRMustacheURLLibrary.m in Sources */,
				6E2ED49BA9AE2C8269BFF023 /* GRMustacheError.m in Sources */,
				6ED763C07488CF77A07AEDCE /* GRMustacheTranslateCharacters.m in Sources */,
				6EE184BD24BE8ECB7D5C5631 /* GRMustacheTemplate.m in Sources */,
				6E77341A4D226B940CA1251B /* GRMustacheTemplateRepository.m in Sources */,
			);
			runOnlyForDeploymentPostprocessing = 0;
		};
/* End PBXSourcesBuildPhase section */

/* Begin XCBuildConfiguration section */
		6E03E09CFA6F3B6CA7574DF7 /* Release */ = {
			isa = XCBuildConfiguration;
			baseConfigurationReference = 6E9E5FB77AE59FE587592F05 /* Framework (Release).xcconfig */;
			buildSettings = {
			};
			name = Release;
		};
		6E3216126448E62C26E4339F /* App Store */ = {
			isa = XCBuildConfiguration;
			buildSettings = {
				CLANG_ENABLE_OBJC_ARC = NO;
				FRAMEWORK_VERSION = A;
				INFOPLIST_FILE = Resources/Info.plist;
				PRODUCT_BUNDLE_IDENTIFIER = com.github.groue.GRMustache;
				PRODUCT_NAME = GRMustache;
				WRAPPER_EXTENSION = framework;
			};
			name = "App Store";
		};
		6E5B4323C9E7FE9138C2250C /* App Store */ = {
			isa = XCBuildConfiguration;
			baseConfigurationReference = 6E979796D284FD193BF26B4B /* Framework (App Store).xcconfig */;
			buildSettings = {
			};
			name = "App Store";
		};
		6E64709C05FD3E8D2FCB9AC2 /* Debug */ = {
			isa = XCBuildConfiguration;
			baseConfigurationReference = 6E9B7D7F2172159C860A2AD6 /* Framework (Debug).xcconfig */;
			buildSettings = {
			};
			name = Debug;
		};
		6EE4931CEBE8F336DFB9CF52 /* Release */ = {
			isa = XCBuildConfiguration;
			buildSettings = {
				CLANG_ENABLE_OBJC_ARC = NO;
				FRAMEWORK_VERSION = A;
				INFOPLIST_FILE = Resources/Info.plist;
				PRODUCT_BUNDLE_IDENTIFIER = com.github.groue.GRMustache;
				PRODUCT_NAME = GRMustache;
				WRAPPER_EXTENSION = framework;
			};
			name = Release;
		};
		6EE4F48ED8A0F37272F3B8EC /* Debug */ = {
			isa = XCBuildConfiguration;
			buildSettings = {
				CLANG_ENABLE_OBJC_ARC = NO;
				FRAMEWORK_VERSION = A;
				INFOPLIST_FILE = Resources/Info.plist;
				PRODUCT_BUNDLE_IDENTIFIER = com.github.groue.GRMustache;
				PRODUCT_NAME = GRMustache;
				WRAPPER_EXTENSION = framework;
			};
			name = Debug;
		};
/* End XCBuildConfiguration section */

/* Begin XCConfigurationList section */
		6E0E884D7ED7171E780934A2 /* Build configuration list for PBXProject "GRMustache" */ = {
			isa = XCConfigurationList;
			buildConfigurations = (
				6E64709C05FD3E8D2FCB9AC2 /* Debug */,
				6E03E09CFA6F3B6CA7574DF7 /* Release */,
				6E5B4323C9E7FE9138C2250C /* App Store */,
			);
			defaultConfigurationIsVisible = 0;
			defaultConfigurationName = Release;
		};
		6E48DD1EAD1B1CF5687A8DDB /* Build configuration list for PBXNativeTarget "GRMustache.framework" */ = {
			isa = XCConfigurationList;
			buildConfigurations = (
				6EE4F48ED8A0F37272F3B8EC /* Debug */,
				6EE4931CEBE8F336DFB9CF52 /* Release */,
				6E3216126448E62C26E4339F /* App Store */,
			);
			defaultConfigurationIsVisible = 0;
			defaultConfigurationName = Release;
		};
/* End XCConfigurationList section */
	};
	rootObject = 6E46F86FAA6BBF9AC94A7E45 /* Project object */;
}
