// !$*UTF8*$!
{
	archiveVersion = 1;
	classes = {
	};
	objectVersion = 54;
	objects = {

/* Begin PBXBuildFile section */
		4C06DE7C20EC45F10055D09A /* CoreFoundation.framework in Frameworks */ = {isa = PBXBuildFile; fileRef = 4C06DE7B20EC45F10055D09A /* CoreFoundation.framework */; };
		4C36AADC20F27CFA007CA939 /* BasicLanguage.strings in Resources */ = {isa = PBXBuildFile; fileRef = 4C36AADA20F27CFA007CA939 /* BasicLanguage.strings */; };
		4C46A09B20EC6B0900094EA4 /* TPIUserInsights.m in Sources */ = {isa = PBXBuildFile; fileRef = 4C46A09920EC6B0900094EA4 /* TPIUserInsights.m */; };
/* End PBXBuildFile section */

/* Begin PBXFileReference section */
		3185151B2A633A5C83DD86CD /* Base.xcconfig */ = {isa = PBXFileReference; lastKnownFileType = text.xcconfig; path = Base.xcconfig; sourceTree = "<group>"; };
		7D3DE26F4F0693FC4E62314A /* Warnings.xcconfig */ = {isa = PBXFileReference; lastKnownFileType = text.xcconfig; path = Warnings.xcconfig; sourceTree = "<group>"; };
		9E6538E073D15D4E344CB06C /* Signing.xcconfig */ = {isa = PBXFileReference; lastKnownFileType = text.xcconfig; path = Signing.xcconfig; sourceTree = "<group>"; };
		8057F8FDAE82D93A4415AC4B /* Debug.xcconfig */ = {isa = PBXFileReference; lastKnownFileType = text.xcconfig; path = Debug.xcconfig; sourceTree = "<group>"; };
		7A32EDDC94EA9E2A335FE8A7 /* Release.xcconfig */ = {isa = PBXFileReference; lastKnownFileType = text.xcconfig; path = Release.xcconfig; sourceTree = "<group>"; };
		C04E1A29170BDA96342A0334 /* AppStore.xcconfig */ = {isa = PBXFileReference; lastKnownFileType = text.xcconfig; path = AppStore.xcconfig; sourceTree = "<group>"; };
		12524BE6FDD7ABBCE9D8B923 /* Plugin.xcconfig */ = {isa = PBXFileReference; lastKnownFileType = text.xcconfig; path = Plugin.xcconfig; sourceTree = "<group>"; };
		4C06DE7B20EC45F10055D09A /* CoreFoundation.framework */ = {isa = PBXFileReference; lastKnownFileType = wrapper.framework; name = CoreFoundation.framework; path = System/Library/Frameworks/CoreFoundation.framework; sourceTree = SDKROOT; };
		4C36AADB20F27CFA007CA939 /* en */ = {isa = PBXFileReference; lastKnownFileType = text.plist.strings; name = en; path = en.lproj/BasicLanguage.strings; sourceTree = "<group>"; };
		4C46A09920EC6B0900094EA4 /* TPIUserInsights.m */ = {isa = PBXFileReference; fileEncoding = 4; lastKnownFileType = sourcecode.c.objc; path = TPIUserInsights.m; sourceTree = "<group>"; };
		4C46A09A20EC6B0900094EA4 /* TPIUserInsights.h */ = {isa = PBXFileReference; fileEncoding = 4; lastKnownFileType = sourcecode.c.h; path = TPIUserInsights.h; sourceTree = "<group>"; };
		4C46A09F20EC6B1800094EA4 /* Info.plist */ = {isa = PBXFileReference; fileEncoding = 4; lastKnownFileType = text.plist.xml; path = Info.plist; sourceTree = "<group>"; };
		8D576316048677EA00EA77CD /* User Insights.bundle */ = {isa = PBXFileReference; explicitFileType = wrapper.cfbundle; includeInIndex = 0; path = "User Insights.bundle"; sourceTree = BUILT_PRODUCTS_DIR; };
/* End PBXFileReference section */

/* Begin PBXFrameworksBuildPhase section */
		8D576313048677EA00EA77CD /* Frameworks */ = {
			isa = PBXFrameworksBuildPhase;
			buildActionMask = 2147483647;
			files = (
				4C06DE7C20EC45F10055D09A /* CoreFoundation.framework in Frameworks */,
			);
			runOnlyForDeploymentPostprocessing = 0;
		};
/* End PBXFrameworksBuildPhase section */

/* Begin PBXGroup section */
		089C166AFE841209C02AAC07 /* BragSpam */ = {
			isa = PBXGroup;
			children = (
				4C46A09820EC6B0900094EA4 /* Classes */,
				089C167CFE841241C02AAC07 /* Resources */,
				089C1671FE841209C02AAC07 /* Frameworks */,
				19C28FB6FE9D52B211CA2CBB /* Products */,
			);
			name = BragSpam;
			sourceTree = "<group>";
		};
		089C1671FE841209C02AAC07 /* Frameworks */ = {
			isa = PBXGroup;
			children = (
				4C06DE7B20EC45F10055D09A /* CoreFoundation.framework */,
			);
			name = Frameworks;
			sourceTree = "<group>";
		};
		089C167CFE841241C02AAC07 /* Resources */ = {
			isa = PBXGroup;
			children = (
				4C6918A016E3277A00BDE3A8 /* Configurations */,
				4C46A09C20EC6B1800094EA4 /* Language Files */,
				4C46A09E20EC6B1800094EA4 /* Property Lists */,
			);
			path = Resources;
			sourceTree = "<group>";
		};
		19C28FB6FE9D52B211CA2CBB /* Products */ = {
			isa = PBXGroup;
			children = (
				8D576316048677EA00EA77CD /* User Insights.bundle */,
			);
			name = Products;
			sourceTree = "<group>";
		};
		4C46A09820EC6B0900094EA4 /* Classes */ = {
			isa = PBXGroup;
			children = (
				4C46A09A20EC6B0900094EA4 /* TPIUserInsights.h */,
				4C46A09920EC6B0900094EA4 /* TPIUserInsights.m */,
			);
			path = Classes;
			sourceTree = "<group>";
		};
		4C46A09C20EC6B1800094EA4 /* Language Files */ = {
			isa = PBXGroup;
			children = (
				4C36AADA20F27CFA007CA939 /* BasicLanguage.strings */,
			);
			path = "Language Files";
			sourceTree = "<group>";
		};
		4C46A09E20EC6B1800094EA4 /* Property Lists */ = {
			isa = PBXGroup;
			children = (
				4C46A09F20EC6B1800094EA4 /* Info.plist */,
			);
			path = "Property Lists";
			sourceTree = "<group>";
		};
		4C6918A016E3277A00BDE3A8 /* Configurations */ = {
			isa = PBXGroup;
			children = (
				3185151B2A633A5C83DD86CD /* Base.xcconfig */,
				7D3DE26F4F0693FC4E62314A /* Warnings.xcconfig */,
				9E6538E073D15D4E344CB06C /* Signing.xcconfig */,
				8057F8FDAE82D93A4415AC4B /* Debug.xcconfig */,
				7A32EDDC94EA9E2A335FE8A7 /* Release.xcconfig */,
				C04E1A29170BDA96342A0334 /* AppStore.xcconfig */,
				12524BE6FDD7ABBCE9D8B923 /* Plugin.xcconfig */,
			);
			name = Configurations;
			path = ../../Configurations;
			sourceTree = SOURCE_ROOT;
		};
/* End PBXGroup section */

/* Begin PBXNativeTarget section */
		8D57630D048677EA00EA77CD /* User Insights Extension */ = {
			isa = PBXNativeTarget;
			buildConfigurationList = 1DEB911A08733D790010E9CD /* Build configuration list for PBXNativeTarget "User Insights Extension" */;
			buildPhases = (
				8D57630F048677EA00EA77CD /* Resources */,
				8D576313048677EA00EA77CD /* Frameworks */,
				8D576311048677EA00EA77CD /* Sources */,
			);
			buildRules = (
			);
			dependencies = (
			);
			name = "User Insights Extension";
			productInstallPath = "$(HOME)/Library/Bundles";
			productName = BragSpam;
			productReference = 8D576316048677EA00EA77CD /* User Insights.bundle */;
			productType = "com.apple.product-type.bundle";
		};
/* End PBXNativeTarget section */

/* Begin PBXProject section */
		089C1669FE841209C02AAC07 /* Project object */ = {
			isa = PBXProject;
			attributes = {
				BuildIndependentTargetsInParallel = YES;
				LastUpgradeCheck = 1600;
				TargetAttributes = {
					8D57630D048677EA00EA77CD = {
						DevelopmentTeam = FANJ7JNLP5;
						ProvisioningStyle = Manual;
					};
				};
			};
			buildConfigurationList = 1DEB911E08733D790010E9CD /* Build configuration list for PBXProject "User Insights Extension" */;
			compatibilityVersion = "Xcode 3.2";
			developmentRegion = en;
			hasScannedForEncodings = 1;
			knownRegions = (
				en,
				Base,
			);
			mainGroup = 089C166AFE841209C02AAC07 /* BragSpam */;
			projectDirPath = "";
			projectRoot = "";
			targets = (
				8D57630D048677EA00EA77CD /* User Insights Extension */,
			);
		};
/* End PBXProject section */

/* Begin PBXResourcesBuildPhase section */
		8D57630F048677EA00EA77CD /* Resources */ = {
			isa = PBXResourcesBuildPhase;
			buildActionMask = 2147483647;
			files = (
				4C36AADC20F27CFA007CA939 /* BasicLanguage.strings in Resources */,
			);
			runOnlyForDeploymentPostprocessing = 0;
		};
/* End PBXResourcesBuildPhase section */

/* Begin PBXSourcesBuildPhase section */
		8D576311048677EA00EA77CD /* Sources */ = {
			isa = PBXSourcesBuildPhase;
			buildActionMask = 2147483647;
			files = (
				4C46A09B20EC6B0900094EA4 /* TPIUserInsights.m in Sources */,
			);
			runOnlyForDeploymentPostprocessing = 0;
		};
/* End PBXSourcesBuildPhase section */

/* Begin PBXVariantGroup section */
		4C36AADA20F27CFA007CA939 /* BasicLanguage.strings */ = {
			isa = PBXVariantGroup;
			children = (
				4C36AADB20F27CFA007CA939 /* en */,
			);
			name = BasicLanguage.strings;
			sourceTree = "<group>";
		};
/* End PBXVariantGroup section */

/* Begin XCBuildConfiguration section */
		1DEB911B08733D790010E9CD /* Debug */ = {
			isa = XCBuildConfiguration;
			baseConfigurationReference = 12524BE6FDD7ABBCE9D8B923 /* Plugin.xcconfig */;
			buildSettings = {
				INFOPLIST_FILE = "Resources/Property Lists/Info.plist";
				PRODUCT_BUNDLE_IDENTIFIER = com.textualapp.app.extensions.UserInsights;
				PRODUCT_NAME = "User Insights";
			};
			name = Debug;
		};
		1DEB911C08733D790010E9CD /* Release */ = {
			isa = XCBuildConfiguration;
			baseConfigurationReference = 12524BE6FDD7ABBCE9D8B923 /* Plugin.xcconfig */;
			buildSettings = {
				INFOPLIST_FILE = "Resources/Property Lists/Info.plist";
				PRODUCT_BUNDLE_IDENTIFIER = com.textualapp.app.extensions.UserInsights;
				PRODUCT_NAME = "User Insights";
			};
			name = Release;
		};
		1DEB911F08733D790010E9CD /* Debug */ = {
			isa = XCBuildConfiguration;
			baseConfigurationReference = 8057F8FDAE82D93A4415AC4B /* Debug.xcconfig */;
			buildSettings = {
			};
			name = Debug;
		};
		1DEB912008733D790010E9CD /* Release */ = {
			isa = XCBuildConfiguration;
			baseConfigurationReference = 7A32EDDC94EA9E2A335FE8A7 /* Release.xcconfig */;
			buildSettings = {
			};
			name = Release;
		};
		4C9580181FA41EE300F18BC8 /* App Store */ = {
			isa = XCBuildConfiguration;
			baseConfigurationReference = C04E1A29170BDA96342A0334 /* AppStore.xcconfig */;
			buildSettings = {
			};
			name = "App Store";
		};
		4C9580191FA41EE300F18BC8 /* App Store */ = {
			isa = XCBuildConfiguration;
			baseConfigurationReference = 12524BE6FDD7ABBCE9D8B923 /* Plugin.xcconfig */;
			buildSettings = {
				INFOPLIST_FILE = "Resources/Property Lists/Info.plist";
				PRODUCT_BUNDLE_IDENTIFIER = com.textualapp.app.extensions.UserInsights;
				PRODUCT_NAME = "User Insights";
			};
			name = "App Store";
		};
/* End XCBuildConfiguration section */

/* Begin XCConfigurationList section */
		1DEB911A08733D790010E9CD /* Build configuration list for PBXNativeTarget "User Insights Extension" */ = {
			isa = XCConfigurationList;
			buildConfigurations = (
				1DEB911B08733D790010E9CD /* Debug */,
				1DEB911C08733D790010E9CD /* Release */,
				4C9580191FA41EE300F18BC8 /* App Store */,
			);
			defaultConfigurationIsVisible = 0;
			defaultConfigurationName = Release;
		};
		1DEB911E08733D790010E9CD /* Build configuration list for PBXProject "User Insights Extension" */ = {
			isa = XCConfigurationList;
			buildConfigurations = (
				1DEB911F08733D790010E9CD /* Debug */,
				1DEB912008733D790010E9CD /* Release */,
				4C9580181FA41EE300F18BC8 /* App Store */,
			);
			defaultConfigurationIsVisible = 0;
			defaultConfigurationName = Release;
		};
/* End XCConfigurationList section */
	};
	rootObject = 089C1669FE841209C02AAC07 /* Project object */;
}
